
Microsoft Visual Studio Solution File, Format Version 12.00
# Visual Studio Version 17
VisualStudioVersion = 17.4.33213.308
MinimumVisualStudioVersion = 10.0.40219.1
Project("{FAE04EC0-301F-11D3-BF4B-00C04F79EFBC}") = "Visitor_Management", "Visitor_Management\Visitor_Management.csproj", "{4ED7D6D9-2637-4800-B3C4-738CDA43A06E}"
EndProject
Global
	GlobalSection(SolutionConfigurationPlatforms) = preSolution
		Debug|Any CPU = Debug|Any CPU
		Release|Any CPU = Release|Any CPU
	EndGlobalSection
	GlobalSection(ProjectConfigurationPlatforms) = postSolution
		{4ED7D6D9-2637-4800-B3C4-738CDA43A06E}.Debug|Any CPU.ActiveCfg = Debug|Any CPU
		{4ED7D6D9-2637-4800-B3C4-738CDA43A06E}.Debug|Any CPU.Build.0 = Debug|Any CPU
		{4ED7D6D9-2637-4800-B3C4-738CDA43A06E}.Release|Any CPU.ActiveCfg = Release|Any CPU
		{4ED7D6D9-2637-4800-B3C4-738CDA43A06E}.Release|Any CPU.Build.0 = Release|Any CPU
	EndGlobalSection
	GlobalSection(SolutionProperties) = preSolution
		HideSolutionNode = FALSE
	EndGlobalSection
	GlobalSection(ExtensibilityGlobals) = postSolution
		SolutionGuid = {CC1B1415-A4DA-4B36-98AE-9DE92726DB63}
	EndGlobalSection
EndGlobal
